// !$*UTF8*$!
{
	archiveVersion = 1;
	classes = {
	};
	objectVersion = 46;
	objects = {

/* Begin PBXFileReference section */
		D40CB2A11AAB90F30026FE5A /* Makefile */ = {isa = PBXFileReference; lastKnownFileType = sourcecode.make; path = Makefile; sourceTree = "<group>"; };
		D4A5EA851AAB909D00283D71 /* emat.c */ = {isa = PBXFileReference; lastKnownFileType = sourcecode.c.c; path = emat.c; sourceTree = "<group>"; };
		D4A5EA861AAB909D00283D71 /* page-fault.c */ = {isa = PBXFileReference; lastKnownFileType = sourcecode.c.c; path = "page-fault.c"; sourceTree = "<group>"; };
		D4A5EA871AAB909D00283D71 /* page-lookup.c */ = {isa = PBXFileReference; lastKnownFileType = sourcecode.c.c; path = "page-lookup.c"; sourceTree = "<group>"; };
		D4A5EA881AAB909D00283D71 /* page-replacement.c */ = {isa = PBXFileReference; lastKnownFileType = sourcecode.c.c; path = "page-replacement.c"; sourceTree = "<group>"; };
		D4A5EA891AAB909D00283D71 /* page-splitting.h */ = {isa = PBXFileReference; lastKnownFileType = sourcecode.c.h; path = "page-splitting.h"; sourceTree = "<group>"; };
		D4A5EA8A1AAB909D00283D71 /* tlb-lookup.c */ = {isa = PBXFileReference; lastKnownFileType = sourcecode.c.c; path = "tlb-lookup.c"; sourceTree = "<group>"; };
		D4FF02F21AAB97940045C2DC /* global.c */ = {isa = PBXFileReference; lastKnownFileType = sourcecode.c.c; path = global.c; sourceTree = "<group>"; };
		D4FF02F31AAB97940045C2DC /* global.h */ = {isa = PBXFileReference; lastKnownFileType = sourcecode.c.h; path = global.h; sourceTree = "<group>"; };
		D4FF02F41AAB97940045C2DC /* global.o */ = {isa = PBXFileReference; lastKnownFileType = "compiled.mach-o.objfile"; path = global.o; sourceTree = "<group>"; };
		D4FF02F51AAB97940045C2DC /* memory.c */ = {isa = PBXFileReference; lastKnownFileType = sourcecode.c.c; path = memory.c; sourceTree = "<group>"; };
		D4FF02F61AAB97940045C2DC /* memory.h */ = {isa = PBXFileReference; lastKnownFileType = sourcecode.c.h; path = memory.h; sourceTree = "<group>"; };
		D4FF02F71AAB97940045C2DC /* memory.o */ = {isa = PBXFileReference; lastKnownFileType = "compiled.mach-o.objfile"; path = memory.o; sourceTree = "<group>"; };
		D4FF02F81AAB97940045C2DC /* pagetable.c */ = {isa = PBXFileReference; lastKnownFileType = sourcecode.c.c; path = pagetable.c; sourceTree = "<group>"; };
		D4FF02F91AAB97940045C2DC /* pagetable.h */ = {isa = PBXFileReference; lastKnownFileType = sourcecode.c.h; path = pagetable.h; sourceTree = "<group>"; };
		D4FF02FA1AAB97940045C2DC /* pagetable.o */ = {isa = PBXFileReference; lastKnownFileType = "compiled.mach-o.objfile"; path = pagetable.o; sourceTree = "<group>"; };
		D4FF02FB1AAB97940045C2DC /* process.c */ = {isa = PBXFileReference; lastKnownFileType = sourcecode.c.c; path = process.c; sourceTree = "<group>"; };
		D4FF02FC1AAB97940045C2DC /* process.h */ = {isa = PBXFileReference; lastKnownFileType = sourcecode.c.h; path = process.h; sourceTree = "<group>"; };
		D4FF02FD1AAB97940045C2DC /* process.o */ = {isa = PBXFileReference; lastKnownFileType = "compiled.mach-o.objfile"; path = process.o; sourceTree = "<group>"; };
		D4FF02FE1AAB97940045C2DC /* sim.c */ = {isa = PBXFileReference; lastKnownFileType = sourcecode.c.c; path = sim.c; sourceTree = "<group>"; };
		D4FF02FF1AAB97940045C2DC /* sim.o */ = {isa = PBXFileReference; lastKnownFileType = "compiled.mach-o.objfile"; path = sim.o; sourceTree = "<group>"; };
		D4FF03001AAB97940045C2DC /* statistics.c */ = {isa = PBXFileReference; lastKnownFileType = sourcecode.c.c; path = statistics.c; sourceTree = "<group>"; };
		D4FF03011AAB97940045C2DC /* statistics.h */ = {isa = PBXFileReference; lastKnownFileType = sourcecode.c.h; path = statistics.h; sourceTree = "<group>"; };
		D4FF03021AAB97940045C2DC /* statistics.o */ = {isa = PBXFileReference; lastKnownFileType = "compiled.mach-o.objfile"; path = statistics.o; sourceTree = "<group>"; };
		D4FF03031AAB97940045C2DC /* swapfile.c */ = {isa = PBXFileReference; lastKnownFileType = sourcecode.c.c; path = swapfile.c; sourceTree = "<group>"; };
		D4FF03041AAB97940045C2DC /* swapfile.h */ = {isa = PBXFileReference; lastKnownFileType = sourcecode.c.h; path = swapfile.h; sourceTree = "<group>"; };
		D4FF03051AAB97940045C2DC /* swapfile.o */ = {isa = PBXFileReference; lastKnownFileType = "compiled.mach-o.objfile"; path = swapfile.o; sourceTree = "<group>"; };
		D4FF03061AAB97940045C2DC /* tlb.c */ = {isa = PBXFileReference; lastKnownFileType = sourcecode.c.c; path = tlb.c; sourceTree = "<group>"; };
		D4FF03071AAB97940045C2DC /* tlb.h */ = {isa = PBXFileReference; lastKnownFileType = sourcecode.c.h; path = tlb.h; sourceTree = "<group>"; };
		D4FF03081AAB97940045C2DC /* tlb.o */ = {isa = PBXFileReference; lastKnownFileType = "compiled.mach-o.objfile"; path = tlb.o; sourceTree = "<group>"; };
		D4FF03091AAB97940045C2DC /* types.h */ = {isa = PBXFileReference; lastKnownFileType = sourcecode.c.h; path = types.h; sourceTree = "<group>"; };
		D4FF030A1AAB97940045C2DC /* useful.h */ = {isa = PBXFileReference; lastKnownFileType = sourcecode.c.h; path = useful.h; sourceTree = "<group>"; };
/* End PBXFileReference section */

/* Begin PBXGroup section */
		D4A5EA7D1AAB903800283D71 = {
			isa = PBXGroup;
			children = (
				D40CB2A11AAB90F30026FE5A /* Makefile */,
				D4A5EA841AAB909D00283D71 /* student-src */,
				D4FF02F11AAB97940045C2DC /* simulator-src */,
			);
			sourceTree = "<group>";
		};
		D4A5EA841AAB909D00283D71 /* student-src */ = {
			isa = PBXGroup;
			children = (
				D4A5EA851AAB909D00283D71 /* emat.c */,
				D4A5EA861AAB909D00283D71 /* page-fault.c */,
				D4A5EA871AAB909D00283D71 /* page-lookup.c */,
				D4A5EA881AAB909D00283D71 /* page-replacement.c */,
				D4A5EA891AAB909D00283D71 /* page-splitting.h */,
				D4A5EA8A1AAB909D00283D71 /* tlb-lookup.c */,
			);
			path = "student-src";
			sourceTree = "<group>";
		};
		D4FF02F11AAB97940045C2DC /* simulator-src */ = {
			isa = PBXGroup;
			children = (
				D4FF02F21AAB97940045C2DC /* global.c */,
				D4FF02F31AAB97940045C2DC /* global.h */,
				D4FF02F41AAB97940045C2DC /* global.o */,
				D4FF02F51AAB97940045C2DC /* memory.c */,
				D4FF02F61AAB97940045C2DC /* memory.h */,
				D4FF02F71AAB97940045C2DC /* memory.o */,
				D4FF02F81AAB97940045C2DC /* pagetable.c */,
				D4FF02F91AAB97940045C2DC /* pagetable.h */,
				D4FF02FA1AAB97940045C2DC /* pagetable.o */,
				D4FF02FB1AAB97940045C2DC /* process.c */,
				D4FF02FC1AAB97940045C2DC /* process.h */,
				D4FF02FD1AAB97940045C2DC /* process.o */,
				D4FF02FE1AAB97940045C2DC /* sim.c */,
				D4FF02FF1AAB97940045C2DC /* sim.o */,
				D4FF03001AAB97940045C2DC /* statistics.c */,
				D4FF03011AAB97940045C2DC /* statistics.h */,
				D4FF03021AAB97940045C2DC /* statistics.o */,
				D4FF03031AAB97940045C2DC /* swapfile.c */,
				D4FF03041AAB97940045C2DC /* swapfile.h */,
				D4FF03051AAB97940045C2DC /* swapfile.o */,
				D4FF03061AAB97940045C2DC /* tlb.c */,
				D4FF03071AAB97940045C2DC /* tlb.h */,
				D4FF03081AAB97940045C2DC /* tlb.o */,
				D4FF03091AAB97940045C2DC /* types.h */,
				D4FF030A1AAB97940045C2DC /* useful.h */,
			);
			name = "simulator-src";
			path = "student-src/simulator-src";
			sourceTree = "<group>";
		};
/* End PBXGroup section */

/* Begin PBXProject section */
		D4A5EA7E1AAB903800283D71 /* Project object */ = {
			isa = PBXProject;
			attributes = {
				LastUpgradeCheck = 0610;
			};
			buildConfigurationList = D4A5EA811AAB903800283D71 /* Build configuration list for PBXProject "project3" */;
			compatibilityVersion = "Xcode 3.2";
			developmentRegion = English;
			hasScannedForEncodings = 0;
			knownRegions = (
				en,
			);
			mainGroup = D4A5EA7D1AAB903800283D71;
			projectDirPath = "";
			projectRoot = "";
			targets = (
			);
		};
/* End PBXProject section */

/* Begin XCBuildConfiguration section */
		D4A5EA821AAB903800283D71 /* Debug */ = {
			isa = XCBuildConfiguration;
			buildSettings = {
			};
			name = Debug;
		};
		D4A5EA831AAB903800283D71 /* Release */ = {
			isa = XCBuildConfiguration;
			buildSettings = {
			};
			name = Release;
		};
/* End XCBuildConfiguration section */

/* Begin XCConfigurationList section */
		D4A5EA811AAB903800283D71 /* Build configuration list for PBXProject "project3" */ = {
			isa = XCConfigurationList;
			buildConfigurations = (
				D4A5EA821AAB903800283D71 /* Debug */,
				D4A5EA831AAB903800283D71 /* Release */,
			);
			defaultConfigurationIsVisible = 0;
			defaultConfigurationName = Release;
		};
/* End XCConfigurationList section */
	};
	rootObject = D4A5EA7E1AAB903800283D71 /* Project object */;
}
